// !$*UTF8*$!
{
	archiveVersion = 1;
	classes = {
	};
	objectVersion = 46;
	objects = {

/* Begin PBXBuildFile section */
		419DE2EC1ACCD93700B79CF6 /* main.m in Sources */ = {isa = PBXBuildFile; fileRef = 419DE2EB1ACCD93700B79CF6 /* main.m */; };
		419DE2EF1ACCD93700B79CF6 /* AppDelegate.m in Sources */ = {isa = PBXBuildFile; fileRef = 419DE2EE1ACCD93700B79CF6 /* AppDelegate.m */; };
		419DE2F21ACCD93700B79CF6 /* ViewController.m in Sources */ = {isa = PBXBuildFile; fileRef = 419DE2F11ACCD93700B79CF6 /* ViewController.m */; };
		419DE2F51ACCD93700B79CF6 /* Main.storyboard in Resources */ = {isa = PBXBuildFile; fileRef = 419DE2F31ACCD93700B79CF6 /* Main.storyboard */; };
		419DE2F71ACCD93700B79CF6 /* Images.xcassets in Resources */ = {isa = PBXBuildFile; fileRef = 419DE2F61ACCD93700B79CF6 /* Images.xcassets */; };
		419DE2FA1ACCD93700B79CF6 /* LaunchScreen.xib in Resources */ = {isa = PBXBuildFile; fileRef = 419DE2F81ACCD93700B79CF6 /* LaunchScreen.xib */; };
		419DE3061ACCD93700B79CF6 /* kungjia2Tests.m in Sources */ = {isa = PBXBuildFile; fileRef = 419DE3051ACCD93700B79CF6 /* kungjia2Tests.m */; };
/* End PBXBuildFile section */

/* Begin PBXContainerItemProxy section */
		419DE3001ACCD93700B79CF6 /* PBXContainerItemProxy */ = {
			isa = PBXContainerItemProxy;
			containerPortal = 419DE2DE1ACCD93600B79CF6 /* Project object */;
			proxyType = 1;
			remoteGlobalIDString = 419DE2E51ACCD93700B79CF6;
			remoteInfo = kungjia2;
		};
/* End PBXContainerItemProxy section */

/* Begin PBXFileReference section */
		419DE2E61ACCD93700B79CF6 /* kungjia2.app */ = {isa = PBXFileReference; explicitFileType = wrapper.application; includeInIndex = 0; path = kungjia2.app; sourceTree = BUILT_PRODUCTS_DIR; };
		419DE2EA1ACCD93700B79CF6 /* Info.plist */ = {isa = PBXFileReference; lastKnownFileType = text.plist.xml; path = Info.plist; sourceTree = "<group>"; };
		419DE2EB1ACCD93700B79CF6 /* main.m */ = {isa = PBXFileReference; lastKnownFileType = sourcecode.c.objc; path = main.m; sourceTree = "<group>"; };
		419DE2ED1ACCD93700B79CF6 /* AppDelegate.h */ = {isa = PBXFileReference; lastKnownFileType = sourcecode.c.h; path = AppDelegate.h; sourceTree = "<group>"; };
		419DE2EE1ACCD93700B79CF6 /* AppDelegate.m */ = {isa = PBXFileReference; lastKnownFileType = sourcecode.c.objc; path = AppDelegate.m; sourceTree = "<group>"; };
		419DE2F01ACCD93700B79CF6 /* ViewController.h */ = {isa = PBXFileReference; lastKnownFileType = sourcecode.c.h; path = ViewController.h; sourceTree = "<group>"; };
		419DE2F11ACCD93700B79CF6 /* ViewController.m */ = {isa = PBXFileReference; lastKnownFileType = sourcecode.c.objc; path = ViewController.m; sourceTree = "<group>"; };
		419DE2F41ACCD93700B79CF6 /* Base */ = {isa = PBXFileReference; lastKnownFileType = file.storyboard; name = Base; path = Base.lproj/Main.storyboard; sourceTree = "<group>"; };
		419DE2F61ACCD93700B79CF6 /* Images.xcassets */ = {isa = PBXFileReference; lastKnownFileType = folder.assetcatalog; path = Images.xcassets; sourceTree = "<group>"; };
		419DE2F91ACCD93700B79CF6 /* Base */ = {isa = PBXFileReference; lastKnownFileType = file.xib; name = Base; path = Base.lproj/LaunchScreen.xib; sourceTree = "<group>"; };
		419DE2FF1ACCD93700B79CF6 /* kungjia2Tests.xctest */ = {isa = PBXFileReference; explicitFileType = wrapper.cfbundle; includeInIndex = 0; path = kungjia2Tests.xctest; sourceTree = BUILT_PRODUCTS_DIR; };
		419DE3041ACCD93700B79CF6 /* Info.plist */ = {isa = PBXFileReference; lastKnownFileType = text.plist.xml; path = Info.plist; sourceTree = "<group>"; };
		419DE3051ACCD93700B79CF6 /* kungjia2Tests.m */ = {isa = PBXFileReference; lastKnownFileType = sourcecode.c.objc; path = kungjia2Tests.m; sourceTree = "<group>"; };
/* End PBXFileReference section */

/* Begin PBXFrameworksBuildPhase section */
		419DE2E31ACCD93700B79CF6 /* Frameworks */ = {
			isa = PBXFrameworksBuildPhase;
			buildActionMask = 2147483647;
			files = (
			);
			runOnlyForDeploymentPostprocessing = 0;
		};
		419DE2FC1ACCD93700B79CF6 /* Frameworks */ = {
			isa = PBXFrameworksBuildPhase;
			buildActionMask = 2147483647;
			files = (
			);
			runOnlyForDeploymentPostprocessing = 0;
		};
/* End PBXFrameworksBuildPhase section */

/* Begin PBXGroup section */
		419DE2DD1ACCD93600B79CF6 = {
			isa = PBXGroup;
			children = (
				419DE2E81ACCD93700B79CF6 /* kungjia2 */,
				419DE3021ACCD93700B79CF6 /* kungjia2Tests */,
				419DE2E71ACCD93700B79CF6 /* Products */,
			);
			sourceTree = "<group>";
		};
		419DE2E71ACCD93700B79CF6 /* Products */ = {
			isa = PBXGroup;
			children = (
				419DE2E61ACCD93700B79CF6 /* kungjia2.app */,
				419DE2FF1ACCD93700B79CF6 /* kungjia2Tests.xctest */,
			);
			name = Products;
			sourceTree = "<group>";
		};
		419DE2E81ACCD93700B79CF6 /* kungjia2 */ = {
			isa = PBXGroup;
			children = (
				419DE2ED1ACCD93700B79CF6 /* AppDelegate.h */,
				419DE2EE1ACCD93700B79CF6 /* AppDelegate.m */,
				419DE2F01ACCD93700B79CF6 /* ViewController.h */,
				419DE2F11ACCD93700B79CF6 /* ViewController.m */,
				419DE2F31ACCD93700B79CF6 /* Main.storyboard */,
				419DE2F61ACCD93700B79CF6 /* Images.xcassets */,
				419DE2F81ACCD93700B79CF6 /* LaunchScreen.xib */,
				419DE2E91ACCD93700B79CF6 /* Supporting Files */,
			);
			path = kungjia2;
			sourceTree = "<group>";
		};
		419DE2E91ACCD93700B79CF6 /* Supporting Files */ = {
			isa = PBXGroup;
			children = (
				419DE2EA1ACCD93700B79CF6 /* Info.plist */,
				419DE2EB1ACCD93700B79CF6 /* main.m */,
			);
			name = "Supporting Files";
			sourceTree = "<group>";
		};
		419DE3021ACCD93700B79CF6 /* kungjia2Tests */ = {
			isa = PBXGroup;
			children = (
				419DE3051ACCD93700B79CF6 /* kungjia2Tests.m */,
				419DE3031ACCD93700B79CF6 /* Supporting Files */,
			);
			path = kungjia2Tests;
			sourceTree = "<group>";
		};
		419DE3031ACCD93700B79CF6 /* Supporting Files */ = {
			isa = PBXGroup;
			children = (
				419DE3041ACCD93700B79CF6 /* Info.plist */,
			);
			name = "Supporting Files";
			sourceTree = "<group>";
		};
/* End PBXGroup section */

/* Begin PBXNativeTarget section */
		419DE2E51ACCD93700B79CF6 /* kungjia2 */ = {
			isa = PBXNativeTarget;
			buildConfigurationList = 419DE3091ACCD93700B79CF6 /* Build configuration list for PBXNativeTarget "kungjia2" */;
			buildPhases = (
				419DE2E21ACCD93700B79CF6 /* Sources */,
				419DE2E31ACCD93700B79CF6 /* Frameworks */,
				419DE2E41ACCD93700B79CF6 /* Resources */,
			);
			buildRules = (
			);
			dependencies = (
			);
			name = kungjia2;
			productName = kungjia2;
			productReference = 419DE2E61ACCD93700B79CF6 /* kungjia2.app */;
			productType = "com.apple.product-type.application";
		};
		419DE2FE1ACCD93700B79CF6 /* kungjia2Tests */ = {
			isa = PBXNativeTarget;
			buildConfigurationList = 419DE30C1ACCD93700B79CF6 /* Build configuration list for PBXNativeTarget "kungjia2Tests" */;
			buildPhases = (
				419DE2FB1ACCD93700B79CF6 /* Sources */,
				419DE2FC1ACCD93700B79CF6 /* Frameworks */,
				419DE2FD1ACCD93700B79CF6 /* Resources */,
			);
			buildRules = (
			);
			dependencies = (
				419DE3011ACCD93700B79CF6 /* PBXTargetDependency */,
			);
			name = kungjia2Tests;
			productName = kungjia2Tests;
			productReference = 419DE2FF1ACCD93700B79CF6 /* kungjia2Tests.xctest */;
			productType = "com.apple.product-type.bundle.unit-test";
		};
/* End PBXNativeTarget section */

/* Begin PBXProject section */
		419DE2DE1ACCD93600B79CF6 /* Project object */ = {
			isa = PBXProject;
			attributes = {
				LastUpgradeCheck = 0610;
				ORGANIZATIONNAME = youtu;
				TargetAttributes = {
					419DE2E51ACCD93700B79CF6 = {
						CreatedOnToolsVersion = 6.1;
					};
					419DE2FE1ACCD93700B79CF6 = {
						CreatedOnToolsVersion = 6.1;
						TestTargetID = 419DE2E51ACCD93700B79CF6;
					};
				};
			};
			buildConfigurationList = 419DE2E11ACCD93600B79CF6 /* Build configuration list for PBXProject "kungjia2" */;
			compatibilityVersion = "Xcode 3.2";
			developmentRegion = English;
			hasScannedForEncodings = 0;
			knownRegions = (
				en,
				Base,
			);
			mainGroup = 419DE2DD1ACCD93600B79CF6;
			productRefGroup = 419DE2E71ACCD93700B79CF6 /* Products */;
			projectDirPath = "";
			projectRoot = "";
			targets = (
				419DE2E51ACCD93700B79CF6 /* kungjia2 */,
				419DE2FE1ACCD93700B79CF6 /* kungjia2Tests */,
			);
		};
/* End PBXProject section */

/* Begin PBXResourcesBuildPhase section */
		419DE2E41ACCD93700B79CF6 /* Resources */ = {
			isa = PBXResourcesBuildPhase;
			buildActionMask = 2147483647;
			files = (
				419DE2F51ACCD93700B79CF6 /* Main.storyboard in Resources */,
				419DE2FA1ACCD93700B79CF6 /* LaunchScreen.xib in Resources */,
				419DE2F71ACCD93700B79CF6 /* Images.xcassets in Resources */,
			);
			runOnlyForDeploymentPostprocessing = 0;
		};
		419DE2FD1ACCD93700B79CF6 /* Resources */ = {
			isa = PBXResourcesBuildPhase;
			buildActionMask = 2147483647;
			files = (
			);
			runOnlyForDeploymentPostprocessing = 0;
		};
/* End PBXResourcesBuildPhase section */

/* Begin PBXSourcesBuildPhase section */
		419DE2E21ACCD93700B79CF6 /* Sources */ = {
			isa = PBXSourcesBuildPhase;
			buildActionMask = 2147483647;
			files = (
				419DE2F21ACCD93700B79CF6 /* ViewController.m in Sources */,
				419DE2EF1ACCD93700B79CF6 /* AppDelegate.m in Sources */,
				419DE2EC1ACCD93700B79CF6 /* main.m in Sources */,
			);
			runOnlyForDeploymentPostprocessing = 0;
		};
		419DE2FB1ACCD93700B79CF6 /* Sources */ = {
			isa = PBXSourcesBuildPhase;
			buildActionMask = 2147483647;
			files = (
				419DE3061ACCD93700B79CF6 /* kungjia2Tests.m in Sources */,
			);
			runOnlyForDeploymentPostprocessing = 0;
		};
/* End PBXSourcesBuildPhase section */

/* Begin PBXTargetDependency section */
		419DE3011ACCD93700B79CF6 /* PBXTargetDependency */ = {
			isa = PBXTargetDependency;
			target = 419DE2E51ACCD93700B79CF6 /* kungjia2 */;
			targetProxy = 419DE3001ACCD93700B79CF6 /* PBXContainerItemProxy */;
		};
/* End PBXTargetDependency section */

/* Begin PBXVariantGroup section */
		419DE2F31ACCD93700B79CF6 /* Main.storyboard */ = {
			isa = PBXVariantGroup;
			children = (
				419DE2F41ACCD93700B79CF6 /* Base */,
			);
			name = Main.storyboard;
			sourceTree = "<group>";
		};
		419DE2F81ACCD93700B79CF6 /* LaunchScreen.xib */ = {
			isa = PBXVariantGroup;
			children = (
				419DE2F91ACCD93700B79CF6 /* Base */,
			);
			name = LaunchScreen.xib;
			sourceTree = "<group>";
		};
/* End PBXVariantGroup section */

/* Begin XCBuildConfiguration section */
		419DE3071ACCD93700B79CF6 /* Debug */ = {
			isa = XCBuildConfiguration;
			buildSettings = {
				ALWAYS_SEARCH_USER_PATHS = NO;
				CLANG_CXX_LANGUAGE_STANDARD = "gnu++0x";
				CLANG_CXX_LIBRARY = "libc++";
				CLANG_ENABLE_MODULES = YES;
				CLANG_ENABLE_OBJC_ARC = YES;
				CLANG_WARN_BOOL_CONVERSION = YES;
				CLANG_WARN_CONSTANT_CONVERSION = YES;
				CLANG_WARN_DIRECT_OBJC_ISA_USAGE = YES_ERROR;
				CLANG_WARN_EMPTY_BODY = YES;
				CLANG_WARN_ENUM_CONVERSION = YES;
				CLANG_WARN_INT_CONVERSION = YES;
				CLANG_WARN_OBJC_ROOT_CLASS = YES_ERROR;
				CLANG_WARN_UNREACHABLE_CODE = YES;
				CLANG_WARN__DUPLICATE_METHOD_MATCH = YES;
				"CODE_SIGN_IDENTITY[sdk=iphoneos*]" = "iPhone Developer";
				COPY_PHASE_STRIP = NO;
				ENABLE_STRICT_OBJC_MSGSEND = YES;
				GCC_C_LANGUAGE_STANDARD = gnu99;
				GCC_DYNAMIC_NO_PIC = NO;
				GCC_OPTIMIZATION_LEVEL = 0;
				GCC_PREPROCESSOR_DEFINITIONS = (
					"DEBUG=1",
					"$(inherited)",
				);
				GCC_SYMBOLS_PRIVATE_EXTERN = NO;
				GCC_WARN_64_TO_32_BIT_CONVERSION = YES;
				GCC_WARN_ABOUT_RETURN_TYPE = YES_ERROR;
				GCC_WARN_UNDECLARED_SELECTOR = YES;
				GCC_WARN_UNINITIALIZED_AUTOS = YES_AGGRESSIVE;
				GCC_WARN_UNUSED_FUNCTION = YES;
				GCC_WARN_UNUSED_VARIABLE = YES;
				IPHONEOS_DEPLOYMENT_TARGET = 8.1;
				MTL_ENABLE_DEBUG_INFO = YES;
				ONLY_ACTIVE_ARCH = YES;
				SDKROOT = iphoneos;
			};
			name = Debug;
		};
		419DE3081ACCD93700B79CF6 /* Release */ = {
			isa = XCBuildConfiguration;
			buildSettings = {
				ALWAYS_SEARCH_USER_PATHS = NO;
				CLANG_CXX_LANGUAGE_STANDARD = "gnu++0x";
				CLANG_CXX_LIBRARY = "libc++";
				CLANG_ENABLE_MODULES = YES;
				CLANG_ENABLE_OBJC_ARC = YES;
				CLANG_WARN_BOOL_CONVERSION = YES;
				CLANG_WARN_CONSTANT_CONVERSION = YES;
				CLANG_WARN_DIRECT_OBJC_ISA_USAGE = YES_ERROR;
				CLANG_WARN_EMPTY_BODY = YES;
				CLANG_WARN_ENUM_CONVERSION = YES;
				CLANG_WARN_INT_CONVERSION = YES;
				CLANG_WARN_OBJC_ROOT_CLASS = YES_ERROR;
				CLANG_WARN_UNREACHABLE_CODE = YES;
				CLANG_WARN__DUPLICATE_METHOD_MATCH = YES;
				"CODE_SIGN_IDENTITY[sdk=iphoneos*]" = "iPhone Developer";
				COPY_PHASE_STRIP = YES;
				ENABLE_NS_ASSERTIONS = NO;
				ENABLE_STRICT_OBJC_MSGSEND = YES;
				GCC_C_LANGUAGE_STANDARD = gnu99;
				GCC_WARN_64_TO_32_BIT_CONVERSION = YES;
				GCC_WARN_ABOUT_RETURN_TYPE = YES_ERROR;
				GCC_WARN_UNDECLARED_SELECTOR = YES;
				GCC_WARN_UNINITIALIZED_AUTOS = YES_AGGRESSIVE;
				GCC_WARN_UNUSED_FUNCTION = YES;
				GCC_WARN_UNUSED_VARIABLE = YES;
				IPHONEOS_DEPLOYMENT_TARGET = 8.1;
				MTL_ENABLE_DEBUG_INFO = NO;
				SDKROOT = iphoneos;
				VALIDATE_PRODUCT = YES;
			};
			name = Release;
		};
		419DE30A1ACCD93700B79CF6 /* Debug */ = {
			isa = XCBuildConfiguration;
			buildSettings = {
				ASSETCATALOG_COMPILER_APPICON_NAME = AppIcon;
				INFOPLIST_FILE = kungjia2/Info.plist;
				LD_RUNPATH_SEARCH_PATHS = "$(inherited) @executable_path/Frameworks";
				PRODUCT_NAME = "$(TARGET_NAME)";
			};
			name = Debug;
		};
		419DE30B1ACCD93700B79CF6 /* Release */ = {
			isa = XCBuildConfiguration;
			buildSettings = {
				ASSETCATALOG_COMPILER_APPICON_NAME = AppIcon;
				INFOPLIST_FILE = kungjia2/Info.plist;
				LD_RUNPATH_SEARCH_PATHS = "$(inherited) @executable_path/Frameworks";
				PRODUCT_NAME = "$(TARGET_NAME)";
			};
			name = Release;
		};
		419DE30D1ACCD93700B79CF6 /* Debug */ = {
			isa = XCBuildConfiguration;
			buildSettings = {
				BUNDLE_LOADER = "$(TEST_HOST)";
				FRAMEWORK_SEARCH_PATHS = (
					"$(SDKROOT)/Developer/Library/Frameworks",
					"$(inherited)",
				);
				GCC_PREPROCESSOR_DEFINITIONS = (
					"DEBUG=1",
					"$(inherited)",
				);
				INFOPLIST_FILE = kungjia2Tests/Info.plist;
				LD_RUNPATH_SEARCH_PATHS = "$(inherited) @executable_path/Frameworks @loader_path/Frameworks";
				PRODUCT_NAME = "$(TARGET_NAME)";
				TEST_HOST = "$(BUILT_PRODUCTS_DIR)/kungjia2.app/kungjia2";
			};
			name = Debug;
		};
		419DE30E1ACCD93700B79CF6 /* Release */ = {
			isa = XCBuildConfiguration;
			buildSettings = {
				BUNDLE_LOADER = "$(TEST_HOST)";
				FRAMEWORK_SEARCH_PATHS = (
					"$(SDKROOT)/Developer/Library/Frameworks",
					"$(inherited)",
				);
				INFOPLIST_FILE = kungjia2Tests/Info.plist;
				LD_RUNPATH_SEARCH_PATHS = "$(inherited) @executable_path/Frameworks @loader_path/Frameworks";
				PRODUCT_NAME = "$(TARGET_NAME)";
				TEST_HOST = "$(BUILT_PRODUCTS_DIR)/kungjia2.app/kungjia2";
			};
			name = Release;
		};
/* End XCBuildConfiguration section */

/* Begin XCConfigurationList section */
		419DE2E11ACCD93600B79CF6 /* Build configuration list for PBXProject "kungjia2" */ = {
			isa = XCConfigurationList;
			buildConfigurations = (
				419DE3071ACCD93700B79CF6 /* Debug */,
				419DE3081ACCD93700B79CF6 /* Release */,
			);
			defaultConfigurationIsVisible = 0;
			defaultConfigurationName = Release;
		};
		419DE3091ACCD93700B79CF6 /* Build configuration list for PBXNativeTarget "kungjia2" */ = {
			isa = XCConfigurationList;
			buildConfigurations = (
				419DE30A1ACCD93700B79CF6 /* Debug */,
				419DE30B1ACCD93700B79CF6 /* Release */,
			);
			defaultConfigurationIsVisible = 0;
		};
		419DE30C1ACCD93700B79CF6 /* Build configuration list for PBXNativeTarget "kungjia2Tests" */ = {
			isa = XCConfigurationList;
			buildConfigurations = (
				419DE30D1ACCD93700B79CF6 /* Debug */,
				419DE30E1ACCD93700B79CF6 /* Release */,
			);
			defaultConfigurationIsVisible = 0;
		};
/* End XCConfigurationList section */
	};
	rootObject = 419DE2DE1ACCD93600B79CF6 /* Project object */;
}
